
Microsoft Visual Studio Solution File, Format Version 12.00
# Visual Studio 14
VisualStudioVersion = 14.0.22823.1
MinimumVisualStudioVersion = 10.0.40219.1
Project("{FAE04EC0-301F-11D3-BF4B-00C04F79EFBC}") = "VectorLinesDemo.Win8", "VectorLinesDemo.Win8\VectorLinesDemo.Win8.csproj", "{9D5ADDEF-9712-438F-9A74-A43D660B3393}"
EndProject
Project("{D954291E-2A0B-460D-934E-DC6B0785DB48}") = "VectorLinesDemo.Shared", "VectorLinesDemo.Shared\VectorLinesDemo.Shared.shproj", "{3EA3DEA7-08D9-4587-9ECE-30177F7FDBB5}"
EndProject
Project("{FAE04EC0-301F-11D3-BF4B-00C04F79EFBC}") = "VectorLinesDemo.WP8", "VectorLinesDemo.WP8\VectorLinesDemo.WP8.csproj", "{A99DF61D-964C-4FEA-A23C-4B68B6989C73}"
EndProject
Project("{FAE04EC0-301F-11D3-BF4B-00C04F79EFBC}") = "VectorLinesDemo.UWP", "VectorLinesDemo.UWP\VectorLinesDemo.UWP.csproj", "{60124329-8A19-4E80-BDB9-2155269078BA}"
EndProject
Project("{D954291E-2A0B-460D-934E-DC6B0785DB48}") = "Triangle.NET", "Triangle.NET\Triangle.NET.shproj", "{5E9B5981-C6A6-49B6-96CB-59636EF0F103}"
EndProject
Global
	GlobalSection(SharedMSBuildProjectFiles) = preSolution
		VectorLinesDemo.Shared\VectorLinesDemo.Shared.projitems*{9d5addef-9712-438f-9a74-a43d660b3393}*SharedItemsImports = 4
		Triangle.NET\Triangle.NET.projitems*{9d5addef-9712-438f-9a74-a43d660b3393}*SharedItemsImports = 4
		Triangle.NET\Triangle.NET.projitems*{5e9b5981-c6a6-49b6-96cb-59636ef0f103}*SharedItemsImports = 13
		VectorLinesDemo.Shared\VectorLinesDemo.Shared.projitems*{60124329-8a19-4e80-bdb9-2155269078ba}*SharedItemsImports = 4
		Triangle.NET\Triangle.NET.projitems*{60124329-8a19-4e80-bdb9-2155269078ba}*SharedItemsImports = 4
		VectorLinesDemo.Shared\VectorLinesDemo.Shared.projitems*{3ea3dea7-08d9-4587-9ece-30177f7fdbb5}*SharedItemsImports = 13
		VectorLinesDemo.Shared\VectorLinesDemo.Shared.projitems*{a99df61d-964c-4fea-a23c-4b68b6989c73}*SharedItemsImports = 4
		Triangle.NET\Triangle.NET.projitems*{a99df61d-964c-4fea-a23c-4b68b6989c73}*SharedItemsImports = 4
	EndGlobalSection
	GlobalSection(SolutionConfigurationPlatforms) = preSolution
		Debug.David|Any CPU = Debug.David|Any CPU
		Debug.David|ARM = Debug.David|ARM
		Debug.David|x64 = Debug.David|x64
		Debug.David|x86 = Debug.David|x86
		Debug.Viktor|Any CPU = Debug.Viktor|Any CPU
		Debug.Viktor|ARM = Debug.Viktor|ARM
		Debug.Viktor|x64 = Debug.Viktor|x64
		Debug.Viktor|x86 = Debug.Viktor|x86
		Debug|Any CPU = Debug|Any CPU
		Debug|ARM = Debug|ARM
		Debug|x64 = Debug|x64
		Debug|x86 = Debug|x86
		Release|Any CPU = Release|Any CPU
		Release|ARM = Release|ARM
		Release|x64 = Release|x64
		Release|x86 = Release|x86
	EndGlobalSection
	GlobalSection(ProjectConfigurationPlatforms) = postSolution
		{9D5ADDEF-9712-438F-9A74-A43D660B3393}.Debug.David|Any CPU.ActiveCfg = Debug|Any CPU
		{9D5ADDEF-9712-438F-9A74-A43D660B3393}.Debug.David|Any CPU.Build.0 = Debug|Any CPU
		{9D5ADDEF-9712-438F-9A74-A43D660B3393}.Debug.David|Any CPU.Deploy.0 = Debug|Any CPU
		{9D5ADDEF-9712-438F-9A74-A43D660B3393}.Debug.David|ARM.ActiveCfg = Debug|ARM
		{9D5ADDEF-9712-438F-9A74-A43D660B3393}.Debug.David|ARM.Build.0 = Debug|ARM
		{9D5ADDEF-9712-438F-9A74-A43D660B3393}.Debug.David|ARM.Deploy.0 = Debug|ARM
		{9D5ADDEF-9712-438F-9A74-A43D660B3393}.Debug.David|x64.ActiveCfg = Debug|x64
		{9D5ADDEF-9712-438F-9A74-A43D660B3393}.Debug.David|x64.Build.0 = Debug|x64
		{9D5ADDEF-9712-438F-9A74-A43D660B3393}.Debug.David|x64.Deploy.0 = Debug|x64
		{9D5ADDEF-9712-438F-9A74-A43D660B3393}.Debug.David|x86.ActiveCfg = Debug|x86
		{9D5ADDEF-9712-438F-9A74-A43D660B3393}.Debug.David|x86.Build.0 = Debug|x86
		{9D5ADDEF-9712-438F-9A74-A43D660B3393}.Debug.David|x86.Deploy.0 = Debug|x86
		{9D5ADDEF-9712-438F-9A74-A43D660B3393}.Debug.Viktor|Any CPU.ActiveCfg = Debug|Any CPU
		{9D5ADDEF-9712-438F-9A74-A43D660B3393}.Debug.Viktor|Any CPU.Build.0 = Debug|Any CPU
		{9D5ADDEF-9712-438F-9A74-A43D660B3393}.Debug.Viktor|Any CPU.Deploy.0 = Debug|Any CPU
		{9D5ADDEF-9712-438F-9A74-A43D660B3393}.Debug.Viktor|ARM.ActiveCfg = Debug|ARM
		{9D5ADDEF-9712-438F-9A74-A43D660B3393}.Debug.Viktor|ARM.Build.0 = Debug|ARM
		{9D5ADDEF-9712-438F-9A74-A43D660B3393}.Debug.Viktor|ARM.Deploy.0 = Debug|ARM
		{9D5ADDEF-9712-438F-9A74-A43D660B3393}.Debug.Viktor|x64.ActiveCfg = Debug|x64
		{9D5ADDEF-9712-438F-9A74-A43D660B3393}.Debug.Viktor|x64.Build.0 = Debug|x64
		{9D5ADDEF-9712-438F-9A74-A43D660B3393}.Debug.Viktor|x64.Deploy.0 = Debug|x64
		{9D5ADDEF-9712-438F-9A74-A43D660B3393}.Debug.Viktor|x86.ActiveCfg = Debug|x86
		{9D5ADDEF-9712-438F-9A74-A43D660B3393}.Debug.Viktor|x86.Build.0 = Debug|x86
		{9D5ADDEF-9712-438F-9A74-A43D660B3393}.Debug.Viktor|x86.Deploy.0 = Debug|x86
		{9D5ADDEF-9712-438F-9A74-A43D660B3393}.Debug|Any CPU.ActiveCfg = Debug|Any CPU
		{9D5ADDEF-9712-438F-9A74-A43D660B3393}.Debug|Any CPU.Build.0 = Debug|Any CPU
		{9D5ADDEF-9712-438F-9A74-A43D660B3393}.Debug|Any CPU.Deploy.0 = Debug|Any CPU
		{9D5ADDEF-9712-438F-9A74-A43D660B3393}.Debug|ARM.ActiveCfg = Debug|ARM
		{9D5ADDEF-9712-438F-9A74-A43D660B3393}.Debug|ARM.Build.0 = Debug|ARM
		{9D5ADDEF-9712-438F-9A74-A43D660B3393}.Debug|ARM.Deploy.0 = Debug|ARM
		{9D5ADDEF-9712-438F-9A74-A43D660B3393}.Debug|x64.ActiveCfg = Debug|x64
		{9D5ADDEF-9712-438F-9A74-A43D660B3393}.Debug|x64.Build.0 = Debug|x64
		{9D5ADDEF-9712-438F-9A74-A43D660B3393}.Debug|x64.Deploy.0 = Debug|x64
		{9D5ADDEF-9712-438F-9A74-A43D660B3393}.Debug|x86.ActiveCfg = Debug|x86
		{9D5ADDEF-9712-438F-9A74-A43D660B3393}.Debug|x86.Build.0 = Debug|x86
		{9D5ADDEF-9712-438F-9A74-A43D660B3393}.Debug|x86.Deploy.0 = Debug|x86
		{9D5ADDEF-9712-438F-9A74-A43D660B3393}.Release|Any CPU.ActiveCfg = Release|Any CPU
		{9D5ADDEF-9712-438F-9A74-A43D660B3393}.Release|Any CPU.Build.0 = Release|Any CPU
		{9D5ADDEF-9712-438F-9A74-A43D660B3393}.Release|Any CPU.Deploy.0 = Release|Any CPU
		{9D5ADDEF-9712-438F-9A74-A43D660B3393}.Release|ARM.ActiveCfg = Release|ARM
		{9D5ADDEF-9712-438F-9A74-A43D660B3393}.Release|ARM.Build.0 = Release|ARM
		{9D5ADDEF-9712-438F-9A74-A43D660B3393}.Release|ARM.Deploy.0 = Release|ARM
		{9D5ADDEF-9712-438F-9A74-A43D660B3393}.Release|x64.ActiveCfg = Release|x64
		{9D5ADDEF-9712-438F-9A74-A43D660B3393}.Release|x64.Build.0 = Release|x64
		{9D5ADDEF-9712-438F-9A74-A43D660B3393}.Release|x64.Deploy.0 = Release|x64
		{9D5ADDEF-9712-438F-9A74-A43D660B3393}.Release|x86.ActiveCfg = Release|x86
		{9D5ADDEF-9712-438F-9A74-A43D660B3393}.Release|x86.Build.0 = Release|x86
		{9D5ADDEF-9712-438F-9A74-A43D660B3393}.Release|x86.Deploy.0 = Release|x86
		{A99DF61D-964C-4FEA-A23C-4B68B6989C73}.Debug.David|Any CPU.ActiveCfg = Debug|Any CPU
		{A99DF61D-964C-4FEA-A23C-4B68B6989C73}.Debug.David|Any CPU.Build.0 = Debug|Any CPU
		{A99DF61D-964C-4FEA-A23C-4B68B6989C73}.Debug.David|Any CPU.Deploy.0 = Debug|Any CPU
		{A99DF61D-964C-4FEA-A23C-4B68B6989C73}.Debug.David|ARM.ActiveCfg = Debug|ARM
		{A99DF61D-964C-4FEA-A23C-4B68B6989C73}.Debug.David|ARM.Build.0 = Debug|ARM
		{A99DF61D-964C-4FEA-A23C-4B68B6989C73}.Debug.David|ARM.Deploy.0 = Debug|ARM
		{A99DF61D-964C-4FEA-A23C-4B68B6989C73}.Debug.David|x64.ActiveCfg = Debug|Any CPU
		{A99DF61D-964C-4FEA-A23C-4B68B6989C73}.Debug.David|x64.Build.0 = Debug|Any CPU
		{A99DF61D-964C-4FEA-A23C-4B68B6989C73}.Debug.David|x64.Deploy.0 = Debug|Any CPU
		{A99DF61D-964C-4FEA-A23C-4B68B6989C73}.Debug.David|x86.ActiveCfg = Debug|x86
		{A99DF61D-964C-4FEA-A23C-4B68B6989C73}.Debug.David|x86.Build.0 = Debug|x86
		{A99DF61D-964C-4FEA-A23C-4B68B6989C73}.Debug.David|x86.Deploy.0 = Debug|x86
		{A99DF61D-964C-4FEA-A23C-4B68B6989C73}.Debug.Viktor|Any CPU.ActiveCfg = Debug|Any CPU
		{A99DF61D-964C-4FEA-A23C-4B68B6989C73}.Debug.Viktor|Any CPU.Build.0 = Debug|Any CPU
		{A99DF61D-964C-4FEA-A23C-4B68B6989C73}.Debug.Viktor|Any CPU.Deploy.0 = Debug|Any CPU
		{A99DF61D-964C-4FEA-A23C-4B68B6989C73}.Debug.Viktor|ARM.ActiveCfg = Debug|ARM
		{A99DF61D-964C-4FEA-A23C-4B68B6989C73}.Debug.Viktor|ARM.Build.0 = Debug|ARM
		{A99DF61D-964C-4FEA-A23C-4B68B6989C73}.Debug.Viktor|ARM.Deploy.0 = Debug|ARM
		{A99DF61D-964C-4FEA-A23C-4B68B6989C73}.Debug.Viktor|x64.ActiveCfg = Debug|Any CPU
		{A99DF61D-964C-4FEA-A23C-4B68B6989C73}.Debug.Viktor|x64.Build.0 = Debug|Any CPU
		{A99DF61D-964C-4FEA-A23C-4B68B6989C73}.Debug.Viktor|x64.Deploy.0 = Debug|Any CPU
		{A99DF61D-964C-4FEA-A23C-4B68B6989C73}.Debug.Viktor|x86.ActiveCfg = Debug|x86
		{A99DF61D-964C-4FEA-A23C-4B68B6989C73}.Debug.Viktor|x86.Build.0 = Debug|x86
		{A99DF61D-964C-4FEA-A23C-4B68B6989C73}.Debug.Viktor|x86.Deploy.0 = Debug|x86
		{A99DF61D-964C-4FEA-A23C-4B68B6989C73}.Debug|Any CPU.ActiveCfg = Debug|Any CPU
		{A99DF61D-964C-4FEA-A23C-4B68B6989C73}.Debug|Any CPU.Build.0 = Debug|Any CPU
		{A99DF61D-964C-4FEA-A23C-4B68B6989C73}.Debug|Any CPU.Deploy.0 = Debug|Any CPU
		{A99DF61D-964C-4FEA-A23C-4B68B6989C73}.Debug|ARM.ActiveCfg = Debug|ARM
		{A99DF61D-964C-4FEA-A23C-4B68B6989C73}.Debug|ARM.Build.0 = Debug|ARM
		{A99DF61D-964C-4FEA-A23C-4B68B6989C73}.Debug|ARM.Deploy.0 = Debug|ARM
		{A99DF61D-964C-4FEA-A23C-4B68B6989C73}.Debug|x64.ActiveCfg = Debug|Any CPU
		{A99DF61D-964C-4FEA-A23C-4B68B6989C73}.Debug|x64.Build.0 = Debug|Any CPU
		{A99DF61D-964C-4FEA-A23C-4B68B6989C73}.Debug|x64.Deploy.0 = Debug|Any CPU
		{A99DF61D-964C-4FEA-A23C-4B68B6989C73}.Debug|x86.ActiveCfg = Debug|x86
		{A99DF61D-964C-4FEA-A23C-4B68B6989C73}.Debug|x86.Build.0 = Debug|x86
		{A99DF61D-964C-4FEA-A23C-4B68B6989C73}.Debug|x86.Deploy.0 = Debug|x86
		{A99DF61D-964C-4FEA-A23C-4B68B6989C73}.Release|Any CPU.ActiveCfg = Release|Any CPU
		{A99DF61D-964C-4FEA-A23C-4B68B6989C73}.Release|Any CPU.Build.0 = Release|Any CPU
		{A99DF61D-964C-4FEA-A23C-4B68B6989C73}.Release|Any CPU.Deploy.0 = Release|Any CPU
		{A99DF61D-964C-4FEA-A23C-4B68B6989C73}.Release|ARM.ActiveCfg = Release|ARM
		{A99DF61D-964C-4FEA-A23C-4B68B6989C73}.Release|ARM.Build.0 = Release|ARM
		{A99DF61D-964C-4FEA-A23C-4B68B6989C73}.Release|ARM.Deploy.0 = Release|ARM
		{A99DF61D-964C-4FEA-A23C-4B68B6989C73}.Release|x64.ActiveCfg = Release|Any CPU
		{A99DF61D-964C-4FEA-A23C-4B68B6989C73}.Release|x64.Build.0 = Release|Any CPU
		{A99DF61D-964C-4FEA-A23C-4B68B6989C73}.Release|x64.Deploy.0 = Release|Any CPU
		{A99DF61D-964C-4FEA-A23C-4B68B6989C73}.Release|x86.ActiveCfg = Release|x86
		{A99DF61D-964C-4FEA-A23C-4B68B6989C73}.Release|x86.Build.0 = Release|x86
		{A99DF61D-964C-4FEA-A23C-4B68B6989C73}.Release|x86.Deploy.0 = Release|x86
		{60124329-8A19-4E80-BDB9-2155269078BA}.Debug.David|Any CPU.ActiveCfg = Release|x86
		{60124329-8A19-4E80-BDB9-2155269078BA}.Debug.David|Any CPU.Build.0 = Release|x86
		{60124329-8A19-4E80-BDB9-2155269078BA}.Debug.David|ARM.ActiveCfg = Release|x86
		{60124329-8A19-4E80-BDB9-2155269078BA}.Debug.David|ARM.Build.0 = Release|x86
		{60124329-8A19-4E80-BDB9-2155269078BA}.Debug.David|x64.ActiveCfg = Release|x86
		{60124329-8A19-4E80-BDB9-2155269078BA}.Debug.David|x64.Build.0 = Release|x86
		{60124329-8A19-4E80-BDB9-2155269078BA}.Debug.David|x86.ActiveCfg = Debug|x86
		{60124329-8A19-4E80-BDB9-2155269078BA}.Debug.David|x86.Build.0 = Debug|x86
		{60124329-8A19-4E80-BDB9-2155269078BA}.Debug.Viktor|Any CPU.ActiveCfg = Release|x86
		{60124329-8A19-4E80-BDB9-2155269078BA}.Debug.Viktor|Any CPU.Build.0 = Release|x86
		{60124329-8A19-4E80-BDB9-2155269078BA}.Debug.Viktor|ARM.ActiveCfg = Release|x86
		{60124329-8A19-4E80-BDB9-2155269078BA}.Debug.Viktor|ARM.Build.0 = Release|x86
		{60124329-8A19-4E80-BDB9-2155269078BA}.Debug.Viktor|x64.ActiveCfg = Release|x86
		{60124329-8A19-4E80-BDB9-2155269078BA}.Debug.Viktor|x64.Build.0 = Release|x86
		{60124329-8A19-4E80-BDB9-2155269078BA}.Debug.Viktor|x86.ActiveCfg = Debug|x86
		{60124329-8A19-4E80-BDB9-2155269078BA}.Debug.Viktor|x86.Build.0 = Debug|x86
		{60124329-8A19-4E80-BDB9-2155269078BA}.Debug|Any CPU.ActiveCfg = Debug|x86
		{60124329-8A19-4E80-BDB9-2155269078BA}.Debug|Any CPU.Build.0 = Debug|x86
		{60124329-8A19-4E80-BDB9-2155269078BA}.Debug|ARM.ActiveCfg = Debug|x86
		{60124329-8A19-4E80-BDB9-2155269078BA}.Debug|x64.ActiveCfg = Debug|x86
		{60124329-8A19-4E80-BDB9-2155269078BA}.Debug|x86.ActiveCfg = Debug|x86
		{60124329-8A19-4E80-BDB9-2155269078BA}.Debug|x86.Build.0 = Debug|x86
		{60124329-8A19-4E80-BDB9-2155269078BA}.Release|Any CPU.ActiveCfg = Release|x86
		{60124329-8A19-4E80-BDB9-2155269078BA}.Release|ARM.ActiveCfg = Release|x86
		{60124329-8A19-4E80-BDB9-2155269078BA}.Release|x64.ActiveCfg = Release|x86
		{60124329-8A19-4E80-BDB9-2155269078BA}.Release|x86.ActiveCfg = Release|x86
		{60124329-8A19-4E80-BDB9-2155269078BA}.Release|x86.Build.0 = Release|x86
	EndGlobalSection
	GlobalSection(SolutionProperties) = preSolution
		HideSolutionNode = FALSE
	EndGlobalSection
	GlobalSection(TeamFoundationVersionControl) = preSolution
		SccNumberOfProjects = 8
		SccEnterpriseProvider = {4CA58AB2-18FA-4F8D-95D4-32DDF27D184C}
		SccTeamFoundationServer = https://bruhaha1989.visualstudio.com/defaultcollection
		SccLocalPath0 = .
		SccProjectUniqueName1 = Triangle.NET\\Triangle.NET.projitems
		SccProjectTopLevelParentUniqueName1 = Triangle.NET\\Triangle.NET.shproj
		SccProjectName1 = Triangle.NET
		SccLocalPath1 = Triangle.NET
		SccProjectUniqueName2 = Triangle.NET\\Triangle.NET.shproj
		SccProjectName2 = Triangle.NET
		SccLocalPath2 = Triangle.NET
		SccProjectUniqueName3 = VectorLinesDemo.Shared\\VectorLinesDemo.Shared.projitems
		SccProjectTopLevelParentUniqueName3 = VectorLinesDemo.Shared\\VectorLinesDemo.Shared.shproj
		SccProjectName3 = VectorLinesDemo.Shared
		SccLocalPath3 = VectorLinesDemo.Shared
		SccProjectUniqueName4 = VectorLinesDemo.Shared\\VectorLinesDemo.Shared.shproj
		SccProjectName4 = VectorLinesDemo.Shared
		SccLocalPath4 = VectorLinesDemo.Shared
		SccProjectUniqueName5 = VectorLinesDemo.UWP\\VectorLinesDemo.UWP.csproj
		SccProjectName5 = VectorLinesDemo.UWP
		SccLocalPath5 = VectorLinesDemo.UWP
		SccProjectUniqueName6 = VectorLinesDemo.Win8\\VectorLinesDemo.Win8.csproj
		SccProjectName6 = VectorLinesDemo.Win8
		SccLocalPath6 = VectorLinesDemo.Win8
		SccProjectUniqueName7 = VectorLinesDemo.WP8\\VectorLinesDemo.WP8.csproj
		SccProjectName7 = VectorLinesDemo.WP8
		SccLocalPath7 = VectorLinesDemo.WP8
	EndGlobalSection
EndGlobal
